// !$*UTF8*$!
{
	archiveVersion = 1;
	classes = {
	};
	objectVersion = 60;
	objects = {

/* Begin PBXBuildFile section */
		A1B2C3D4E5F60718293A0040 /* DefaultEditorSwitcherApp.swift in Sources */ = {isa = PBXBuildFile; fileRef = A1B2C3D4E5F60718293A0010 /* DefaultEditorSwitcherApp.swift */; };
		A1B2C3D4E5F60718293A0041 /* FileScope.swift in Sources */ = {isa = PBXBuildFile; fileRef = A1B2C3D4E5F60718293A0011 /* FileScope.swift */; };
		A1B2C3D4E5F60718293A0042 /* LanguageBucket.swift in Sources */ = {isa = PBXBuildFile; fileRef = A1B2C3D4E5F60718293A0012 /* LanguageBucket.swift */; };
		A1B2C3D4E5F60718293A0043 /* ContentTypeResolver.swift in Sources */ = {isa = PBXBuildFile; fileRef = A1B2C3D4E5F60718293A0013 /* ContentTypeResolver.swift */; };
		A1B2C3D4E5F60718293A0044 /* FileScopeCatalogTests.swift in Sources */ = {isa = PBXBuildFile; fileRef = A1B2C3D4E5F60718293A0014 /* FileScopeCatalogTests.swift */; };
		A1B2C3D4E5F60718293A0045 /* KnownEditors.swift in Sources */ = {isa = PBXBuildFile; fileRef = A1B2C3D4E5F60718293A0015 /* KnownEditors.swift */; };
		A1B2C3D4E5F60718293A0046 /* EditorCandidate.swift in Sources */ = {isa = PBXBuildFile; fileRef = A1B2C3D4E5F60718293A0016 /* EditorCandidate.swift */; };
		A1B2C3D4E5F60718293A0047 /* EditorRankingPolicy.swift in Sources */ = {isa = PBXBuildFile; fileRef = A1B2C3D4E5F60718293A0017 /* EditorRankingPolicy.swift */; };
		A1B2C3D4E5F60718293A0048 /* BundleDocumentTypeReader.swift in Sources */ = {isa = PBXBuildFile; fileRef = A1B2C3D4E5F60718293A0018 /* BundleDocumentTypeReader.swift */; };
		A1B2C3D4E5F60718293A0049 /* WorkspaceAppDiscovery.swift in Sources */ = {isa = PBXBuildFile; fileRef = A1B2C3D4E5F60718293A0019 /* WorkspaceAppDiscovery.swift */; };
		A1B2C3D4E5F60718293A004A /* EditorRankingPolicyTests.swift in Sources */ = {isa = PBXBuildFile; fileRef = A1B2C3D4E5F60718293A001A /* EditorRankingPolicyTests.swift */; };
		A1B2C3D4E5F60718293A004B /* WorkspaceDiscoveryTests.swift in Sources */ = {isa = PBXBuildFile; fileRef = A1B2C3D4E5F60718293A001B /* WorkspaceDiscoveryTests.swift */; };
		A1B2C3D4E5F60718293A004C /* PreferredHandler.swift in Sources */ = {isa = PBXBuildFile; fileRef = A1B2C3D4E5F60718293A001C /* PreferredHandler.swift */; };
		A1B2C3D4E5F60718293A004D /* AssociationVerificationResult.swift in Sources */ = {isa = PBXBuildFile; fileRef = A1B2C3D4E5F60718293A001D /* AssociationVerificationResult.swift */; };
		A1B2C3D4E5F60718293A004E /* LaunchServicesClient.swift in Sources */ = {isa = PBXBuildFile; fileRef = A1B2C3D4E5F60718293A001E /* LaunchServicesClient.swift */; };
		A1B2C3D4E5F60718293A004F /* LaunchServicesAssociationVerifier.swift in Sources */ = {isa = PBXBuildFile; fileRef = A1B2C3D4E5F60718293A001F /* LaunchServicesAssociationVerifier.swift */; };
		A1B2C3D4E5F60718293A0052 /* LaunchServicesClientTests.swift in Sources */ = {isa = PBXBuildFile; fileRef = A1B2C3D4E5F60718293A0022 /* LaunchServicesClientTests.swift */; };
		A1B2C3D4E5F60718293A0053 /* PreferredHandler.swift in Sources */ = {isa = PBXBuildFile; fileRef = A1B2C3D4E5F60718293A001C /* PreferredHandler.swift */; };
		A1B2C3D4E5F60718293A0054 /* AssociationVerificationResult.swift in Sources */ = {isa = PBXBuildFile; fileRef = A1B2C3D4E5F60718293A001D /* AssociationVerificationResult.swift */; };
		A1B2C3D4E5F60718293A0055 /* LaunchServicesClient.swift in Sources */ = {isa = PBXBuildFile; fileRef = A1B2C3D4E5F60718293A001E /* LaunchServicesClient.swift */; };
		A1B2C3D4E5F60718293A0056 /* LaunchServicesAssociationVerifier.swift in Sources */ = {isa = PBXBuildFile; fileRef = A1B2C3D4E5F60718293A001F /* LaunchServicesAssociationVerifier.swift */; };
		A1B2C3D4E5F60718293A0057 /* main.swift in Sources */ = {isa = PBXBuildFile; fileRef = A1B2C3D4E5F60718293A0023 /* main.swift */; };
		A1B2C3D4E5F60718293A00A0 /* MenuBarContentView.swift in Sources */ = {isa = PBXBuildFile; fileRef = A1B2C3D4E5F60718293A00B0 /* MenuBarContentView.swift */; };
		A1B2C3D4E5F60718293A00A1 /* MenuBarViewModel.swift in Sources */ = {isa = PBXBuildFile; fileRef = A1B2C3D4E5F60718293A00B1 /* MenuBarViewModel.swift */; };
		A1B2C3D4E5F60718293A00A2 /* MenuBarSection.swift in Sources */ = {isa = PBXBuildFile; fileRef = A1B2C3D4E5F60718293A00B2 /* MenuBarSection.swift */; };
		A1B2C3D4E5F60718293A00A3 /* RulesWindowPlaceholderView.swift in Sources */ = {isa = PBXBuildFile; fileRef = A1B2C3D4E5F60718293A00B3 /* RulesWindowPlaceholderView.swift */; };
		A1B2C3D4E5F60718293A00A4 /* GlobalTextStateService.swift in Sources */ = {isa = PBXBuildFile; fileRef = A1B2C3D4E5F60718293A00B4 /* GlobalTextStateService.swift */; };
		A1B2C3D4E5F60718293A00A5 /* GlobalTextSwitchReport.swift in Sources */ = {isa = PBXBuildFile; fileRef = A1B2C3D4E5F60718293A00B5 /* GlobalTextSwitchReport.swift */; };
		A1B2C3D4E5F60718293A00A6 /* GlobalTextSwitchCoordinator.swift in Sources */ = {isa = PBXBuildFile; fileRef = A1B2C3D4E5F60718293A00B6 /* GlobalTextSwitchCoordinator.swift */; };
		A1B2C3D4E5F60718293A00A7 /* GlobalTextStateServiceTests.swift in Sources */ = {isa = PBXBuildFile; fileRef = A1B2C3D4E5F60718293A00B7 /* GlobalTextStateServiceTests.swift */; };
		A1B2C3D4E5F60718293A00A8 /* GlobalTextSwitchCoordinatorTests.swift in Sources */ = {isa = PBXBuildFile; fileRef = A1B2C3D4E5F60718293A00B8 /* GlobalTextSwitchCoordinatorTests.swift */; };
		A1B2C3D4E5F60718293A00A9 /* MenuBarViewModelTests.swift in Sources */ = {isa = PBXBuildFile; fileRef = A1B2C3D4E5F60718293A00B9 /* MenuBarViewModelTests.swift */; };
		A1B2C3D4E5F60718293A00D0 /* LaunchAtLoginService.swift in Sources */ = {isa = PBXBuildFile; fileRef = A1B2C3D4E5F60718293A00E0 /* LaunchAtLoginService.swift */; };
		A1B2C3D4E5F60718293A00D1 /* GeneralSettingsViewModel.swift in Sources */ = {isa = PBXBuildFile; fileRef = A1B2C3D4E5F60718293A00E1 /* GeneralSettingsViewModel.swift */; };
		A1B2C3D4E5F60718293A00D2 /* RecommendedMenuAppsStore.swift in Sources */ = {isa = PBXBuildFile; fileRef = A1B2C3D4E5F60718293A00E2 /* RecommendedMenuAppsStore.swift */; };
		A1B2C3D4E5F60718293A00D3 /* AppLanguage.swift in Sources */ = {isa = PBXBuildFile; fileRef = A1B2C3D4E5F60718293A00E3 /* AppLanguage.swift */; };
		A1B2C3D4E5F60718293A00D4 /* AppLanguageStore.swift in Sources */ = {isa = PBXBuildFile; fileRef = A1B2C3D4E5F60718293A00E4 /* AppLanguageStore.swift */; };
		A1B2C3D4E5F60718293A00D5 /* SettingsWindowView.swift in Sources */ = {isa = PBXBuildFile; fileRef = A1B2C3D4E5F60718293A00E5 /* SettingsWindowView.swift */; };
		A1B2C3D4E5F60718293A00D6 /* GeneralSettingsSection.swift in Sources */ = {isa = PBXBuildFile; fileRef = A1B2C3D4E5F60718293A00E6 /* GeneralSettingsSection.swift */; };
		A1B2C3D4E5F60718293A00D7 /* RecommendedAppsSettingsSection.swift in Sources */ = {isa = PBXBuildFile; fileRef = A1B2C3D4E5F60718293A00E7 /* RecommendedAppsSettingsSection.swift */; };
		A1B2C3D4E5F60718293A00D8 /* LanguageSettingsSection.swift in Sources */ = {isa = PBXBuildFile; fileRef = A1B2C3D4E5F60718293A00E8 /* LanguageSettingsSection.swift */; };
		A1B2C3D4E5F60718293A00D9 /* Localizable.xcstrings in Resources */ = {isa = PBXBuildFile; fileRef = A1B2C3D4E5F60718293A00E9 /* Localizable.xcstrings */; };
		A1B2C3D4E5F60718293A00DA /* LaunchAtLoginServiceTests.swift in Sources */ = {isa = PBXBuildFile; fileRef = A1B2C3D4E5F60718293A00EA /* LaunchAtLoginServiceTests.swift */; };
		A1B2C3D4E5F60718293A00DB /* RecommendedMenuAppsStoreTests.swift in Sources */ = {isa = PBXBuildFile; fileRef = A1B2C3D4E5F60718293A00EB /* RecommendedMenuAppsStoreTests.swift */; };
		A1B2C3D4E5F60718293A00DC /* AppLanguageStoreTests.swift in Sources */ = {isa = PBXBuildFile; fileRef = A1B2C3D4E5F60718293A00EC /* AppLanguageStoreTests.swift */; };
		A1B2C3D4E5F60718293A00DD /* SettingsCopyFormatter.swift in Sources */ = {isa = PBXBuildFile; fileRef = A1B2C3D4E5F60718293A00ED /* SettingsCopyFormatter.swift */; };
		A1B2C3D4E5F60718293A00DE /* SettingsCopyFormatterTests.swift in Sources */ = {isa = PBXBuildFile; fileRef = A1B2C3D4E5F60718293A00EE /* SettingsCopyFormatterTests.swift */; };
/* End PBXBuildFile section */

/* Begin PBXContainerItemProxy section */
		A1B2C3D4E5F60718293A0050 /* PBXContainerItemProxy */ = {
			isa = PBXContainerItemProxy;
			containerPortal = A1B2C3D4E5F60718293A0001 /* Project object */;
			proxyType = 1;
			remoteGlobalIDString = A1B2C3D4E5F60718293A0002;
			remoteInfo = DefaultEditorSwitcher;
		};
/* End PBXContainerItemProxy section */

/* Begin PBXFileReference section */
		A1B2C3D4E5F60718293A0010 /* DefaultEditorSwitcherApp.swift */ = {isa = PBXFileReference; lastKnownFileType = sourcecode.swift; path = DefaultEditorSwitcherApp.swift; sourceTree = "<group>"; };
		A1B2C3D4E5F60718293A0011 /* FileScope.swift */ = {isa = PBXFileReference; lastKnownFileType = sourcecode.swift; path = FileScope.swift; sourceTree = "<group>"; };
		A1B2C3D4E5F60718293A0012 /* LanguageBucket.swift */ = {isa = PBXFileReference; lastKnownFileType = sourcecode.swift; path = LanguageBucket.swift; sourceTree = "<group>"; };
		A1B2C3D4E5F60718293A0013 /* ContentTypeResolver.swift */ = {isa = PBXFileReference; lastKnownFileType = sourcecode.swift; path = ContentTypeResolver.swift; sourceTree = "<group>"; };
		A1B2C3D4E5F60718293A0014 /* FileScopeCatalogTests.swift */ = {isa = PBXFileReference; lastKnownFileType = sourcecode.swift; path = FileScopeCatalogTests.swift; sourceTree = "<group>"; };
		A1B2C3D4E5F60718293A0015 /* KnownEditors.swift */ = {isa = PBXFileReference; lastKnownFileType = sourcecode.swift; path = KnownEditors.swift; sourceTree = "<group>"; };
		A1B2C3D4E5F60718293A0016 /* EditorCandidate.swift */ = {isa = PBXFileReference; lastKnownFileType = sourcecode.swift; path = EditorCandidate.swift; sourceTree = "<group>"; };
		A1B2C3D4E5F60718293A0017 /* EditorRankingPolicy.swift */ = {isa = PBXFileReference; lastKnownFileType = sourcecode.swift; path = EditorRankingPolicy.swift; sourceTree = "<group>"; };
		A1B2C3D4E5F60718293A0018 /* BundleDocumentTypeReader.swift */ = {isa = PBXFileReference; lastKnownFileType = sourcecode.swift; path = BundleDocumentTypeReader.swift; sourceTree = "<group>"; };
		A1B2C3D4E5F60718293A0019 /* WorkspaceAppDiscovery.swift */ = {isa = PBXFileReference; lastKnownFileType = sourcecode.swift; path = WorkspaceAppDiscovery.swift; sourceTree = "<group>"; };
		A1B2C3D4E5F60718293A001A /* EditorRankingPolicyTests.swift */ = {isa = PBXFileReference; lastKnownFileType = sourcecode.swift; path = EditorRankingPolicyTests.swift; sourceTree = "<group>"; };
		A1B2C3D4E5F60718293A001B /* WorkspaceDiscoveryTests.swift */ = {isa = PBXFileReference; lastKnownFileType = sourcecode.swift; path = WorkspaceDiscoveryTests.swift; sourceTree = "<group>"; };
		A1B2C3D4E5F60718293A001C /* PreferredHandler.swift */ = {isa = PBXFileReference; lastKnownFileType = sourcecode.swift; path = PreferredHandler.swift; sourceTree = "<group>"; };
		A1B2C3D4E5F60718293A001D /* AssociationVerificationResult.swift */ = {isa = PBXFileReference; lastKnownFileType = sourcecode.swift; path = AssociationVerificationResult.swift; sourceTree = "<group>"; };
		A1B2C3D4E5F60718293A001E /* LaunchServicesClient.swift */ = {isa = PBXFileReference; lastKnownFileType = sourcecode.swift; path = LaunchServicesClient.swift; sourceTree = "<group>"; };
		A1B2C3D4E5F60718293A001F /* LaunchServicesAssociationVerifier.swift */ = {isa = PBXFileReference; lastKnownFileType = sourcecode.swift; path = LaunchServicesAssociationVerifier.swift; sourceTree = "<group>"; };
		A1B2C3D4E5F60718293A0022 /* LaunchServicesClientTests.swift */ = {isa = PBXFileReference; lastKnownFileType = sourcecode.swift; path = LaunchServicesClientTests.swift; sourceTree = "<group>"; };
		A1B2C3D4E5F60718293A0023 /* main.swift */ = {isa = PBXFileReference; lastKnownFileType = sourcecode.swift; path = main.swift; sourceTree = "<group>"; };
		A1B2C3D4E5F60718293A0024 /* AssociationProbe */ = {isa = PBXFileReference; explicitFileType = compiled.mach-o.executable; includeInIndex = 0; path = AssociationProbe; sourceTree = BUILT_PRODUCTS_DIR; };
		A1B2C3D4E5F60718293A00B0 /* MenuBarContentView.swift */ = {isa = PBXFileReference; lastKnownFileType = sourcecode.swift; path = MenuBarContentView.swift; sourceTree = "<group>"; };
		A1B2C3D4E5F60718293A00B1 /* MenuBarViewModel.swift */ = {isa = PBXFileReference; lastKnownFileType = sourcecode.swift; path = MenuBarViewModel.swift; sourceTree = "<group>"; };
		A1B2C3D4E5F60718293A00B2 /* MenuBarSection.swift */ = {isa = PBXFileReference; lastKnownFileType = sourcecode.swift; path = MenuBarSection.swift; sourceTree = "<group>"; };
		A1B2C3D4E5F60718293A00B3 /* RulesWindowPlaceholderView.swift */ = {isa = PBXFileReference; lastKnownFileType = sourcecode.swift; path = RulesWindowPlaceholderView.swift; sourceTree = "<group>"; };
		A1B2C3D4E5F60718293A00B4 /* GlobalTextStateService.swift */ = {isa = PBXFileReference; lastKnownFileType = sourcecode.swift; path = GlobalTextStateService.swift; sourceTree = "<group>"; };
		A1B2C3D4E5F60718293A00B5 /* GlobalTextSwitchReport.swift */ = {isa = PBXFileReference; lastKnownFileType = sourcecode.swift; path = GlobalTextSwitchReport.swift; sourceTree = "<group>"; };
		A1B2C3D4E5F60718293A00B6 /* GlobalTextSwitchCoordinator.swift */ = {isa = PBXFileReference; lastKnownFileType = sourcecode.swift; path = GlobalTextSwitchCoordinator.swift; sourceTree = "<group>"; };
		A1B2C3D4E5F60718293A00B7 /* GlobalTextStateServiceTests.swift */ = {isa = PBXFileReference; lastKnownFileType = sourcecode.swift; path = GlobalTextStateServiceTests.swift; sourceTree = "<group>"; };
		A1B2C3D4E5F60718293A00B8 /* GlobalTextSwitchCoordinatorTests.swift */ = {isa = PBXFileReference; lastKnownFileType = sourcecode.swift; path = GlobalTextSwitchCoordinatorTests.swift; sourceTree = "<group>"; };
		A1B2C3D4E5F60718293A00B9 /* MenuBarViewModelTests.swift */ = {isa = PBXFileReference; lastKnownFileType = sourcecode.swift; path = MenuBarViewModelTests.swift; sourceTree = "<group>"; };
		A1B2C3D4E5F60718293A00E0 /* LaunchAtLoginService.swift */ = {isa = PBXFileReference; lastKnownFileType = sourcecode.swift; path = LaunchAtLoginService.swift; sourceTree = "<group>"; };
		A1B2C3D4E5F60718293A00E1 /* GeneralSettingsViewModel.swift */ = {isa = PBXFileReference; lastKnownFileType = sourcecode.swift; path = GeneralSettingsViewModel.swift; sourceTree = "<group>"; };
		A1B2C3D4E5F60718293A00E2 /* RecommendedMenuAppsStore.swift */ = {isa = PBXFileReference; lastKnownFileType = sourcecode.swift; path = RecommendedMenuAppsStore.swift; sourceTree = "<group>"; };
		A1B2C3D4E5F60718293A00E3 /* AppLanguage.swift */ = {isa = PBXFileReference; lastKnownFileType = sourcecode.swift; path = AppLanguage.swift; sourceTree = "<group>"; };
		A1B2C3D4E5F60718293A00E4 /* AppLanguageStore.swift */ = {isa = PBXFileReference; lastKnownFileType = sourcecode.swift; path = AppLanguageStore.swift; sourceTree = "<group>"; };
		A1B2C3D4E5F60718293A00E5 /* SettingsWindowView.swift */ = {isa = PBXFileReference; lastKnownFileType = sourcecode.swift; path = SettingsWindowView.swift; sourceTree = "<group>"; };
		A1B2C3D4E5F60718293A00E6 /* GeneralSettingsSection.swift */ = {isa = PBXFileReference; lastKnownFileType = sourcecode.swift; path = GeneralSettingsSection.swift; sourceTree = "<group>"; };
		A1B2C3D4E5F60718293A00E7 /* RecommendedAppsSettingsSection.swift */ = {isa = PBXFileReference; lastKnownFileType = sourcecode.swift; path = RecommendedAppsSettingsSection.swift; sourceTree = "<group>"; };
		A1B2C3D4E5F60718293A00E8 /* LanguageSettingsSection.swift */ = {isa = PBXFileReference; lastKnownFileType = sourcecode.swift; path = LanguageSettingsSection.swift; sourceTree = "<group>"; };
		A1B2C3D4E5F60718293A00E9 /* Localizable.xcstrings */ = {isa = PBXFileReference; lastKnownFileType = text.json.xcstrings; path = Localizable.xcstrings; sourceTree = "<group>"; };
		A1B2C3D4E5F60718293A00EA /* LaunchAtLoginServiceTests.swift */ = {isa = PBXFileReference; lastKnownFileType = sourcecode.swift; path = LaunchAtLoginServiceTests.swift; sourceTree = "<group>"; };
		A1B2C3D4E5F60718293A00EB /* RecommendedMenuAppsStoreTests.swift */ = {isa = PBXFileReference; lastKnownFileType = sourcecode.swift; path = RecommendedMenuAppsStoreTests.swift; sourceTree = "<group>"; };
		A1B2C3D4E5F60718293A00EC /* AppLanguageStoreTests.swift */ = {isa = PBXFileReference; lastKnownFileType = sourcecode.swift; path = AppLanguageStoreTests.swift; sourceTree = "<group>"; };
		A1B2C3D4E5F60718293A00ED /* SettingsCopyFormatter.swift */ = {isa = PBXFileReference; lastKnownFileType = sourcecode.swift; path = SettingsCopyFormatter.swift; sourceTree = "<group>"; };
		A1B2C3D4E5F60718293A00EE /* SettingsCopyFormatterTests.swift */ = {isa = PBXFileReference; lastKnownFileType = sourcecode.swift; path = SettingsCopyFormatterTests.swift; sourceTree = "<group>"; };
		A1B2C3D4E5F60718293A0020 /* DefaultEditorSwitcher.app */ = {isa = PBXFileReference; explicitFileType = wrapper.application; includeInIndex = 0; path = DefaultEditorSwitcher.app; sourceTree = BUILT_PRODUCTS_DIR; };
		A1B2C3D4E5F60718293A0021 /* DefaultEditorSwitcherTests.xctest */ = {isa = PBXFileReference; explicitFileType = wrapper.cfbundle; includeInIndex = 0; path = DefaultEditorSwitcherTests.xctest; sourceTree = BUILT_PRODUCTS_DIR; };
/* End PBXFileReference section */

/* Begin PBXGroup section */
		A1B2C3D4E5F60718293A0030 = {
			isa = PBXGroup;
			children = (
				A1B2C3D4E5F60718293A0031 /* App */,
				A1B2C3D4E5F60718293A0034 /* Tests */,
				A1B2C3D4E5F60718293A003C /* Tools */,
				A1B2C3D4E5F60718293A0036 /* Products */,
			);
			sourceTree = "<group>";
		};
		A1B2C3D4E5F60718293A0031 /* App */ = {
			isa = PBXGroup;
			children = (
				A1B2C3D4E5F60718293A0010 /* DefaultEditorSwitcherApp.swift */,
				A1B2C3D4E5F60718293A00C0 /* Features */,
				A1B2C3D4E5F60718293A00C2 /* Application */,
				A1B2C3D4E5F60718293A00F4 /* Resources */,
				A1B2C3D4E5F60718293A0037 /* Support */,
				A1B2C3D4E5F60718293A0032 /* Domain */,
				A1B2C3D4E5F60718293A0039 /* Infrastructure */,
			);
			path = App;
			sourceTree = "<group>";
		};
		A1B2C3D4E5F60718293A0037 /* Support */ = {
			isa = PBXGroup;
			children = (
				A1B2C3D4E5F60718293A0015 /* KnownEditors.swift */,
			);
			path = Support;
			sourceTree = "<group>";
		};
		A1B2C3D4E5F60718293A0032 /* Domain */ = {
			isa = PBXGroup;
			children = (
				A1B2C3D4E5F60718293A0033 /* Types */,
				A1B2C3D4E5F60718293A0038 /* Editors */,
				A1B2C3D4E5F60718293A003A /* Associations */,
			);
			path = Domain;
			sourceTree = "<group>";
		};
		A1B2C3D4E5F60718293A0033 /* Types */ = {
			isa = PBXGroup;
			children = (
				A1B2C3D4E5F60718293A0011 /* FileScope.swift */,
				A1B2C3D4E5F60718293A0012 /* LanguageBucket.swift */,
				A1B2C3D4E5F60718293A0013 /* ContentTypeResolver.swift */,
			);
			path = Types;
			sourceTree = "<group>";
		};
		A1B2C3D4E5F60718293A0038 /* Editors */ = {
			isa = PBXGroup;
			children = (
				A1B2C3D4E5F60718293A0016 /* EditorCandidate.swift */,
				A1B2C3D4E5F60718293A0017 /* EditorRankingPolicy.swift */,
			);
			path = Editors;
			sourceTree = "<group>";
		};
		A1B2C3D4E5F60718293A003A /* Associations */ = {
			isa = PBXGroup;
			children = (
				A1B2C3D4E5F60718293A001C /* PreferredHandler.swift */,
				A1B2C3D4E5F60718293A001D /* AssociationVerificationResult.swift */,
			);
			path = Associations;
			sourceTree = "<group>";
		};
		A1B2C3D4E5F60718293A0039 /* Infrastructure */ = {
			isa = PBXGroup;
			children = (
				A1B2C3D4E5F60718293A0090 /* Workspace */,
				A1B2C3D4E5F60718293A003B /* LaunchServices */,
			);
			path = Infrastructure;
			sourceTree = "<group>";
		};
		A1B2C3D4E5F60718293A0090 /* Workspace */ = {
			isa = PBXGroup;
			children = (
				A1B2C3D4E5F60718293A0018 /* BundleDocumentTypeReader.swift */,
				A1B2C3D4E5F60718293A0019 /* WorkspaceAppDiscovery.swift */,
			);
			path = Workspace;
			sourceTree = "<group>";
		};
		A1B2C3D4E5F60718293A003B /* LaunchServices */ = {
			isa = PBXGroup;
			children = (
				A1B2C3D4E5F60718293A001E /* LaunchServicesClient.swift */,
				A1B2C3D4E5F60718293A001F /* LaunchServicesAssociationVerifier.swift */,
			);
			path = LaunchServices;
			sourceTree = "<group>";
		};
		A1B2C3D4E5F60718293A00C0 /* Features */ = {
			isa = PBXGroup;
			children = (
				A1B2C3D4E5F60718293A00C1 /* MenuBar */,
				A1B2C3D4E5F60718293A00F3 /* Settings */,
			);
			path = Features;
			sourceTree = "<group>";
		};
		A1B2C3D4E5F60718293A00C1 /* MenuBar */ = {
			isa = PBXGroup;
			children = (
				A1B2C3D4E5F60718293A00B0 /* MenuBarContentView.swift */,
				A1B2C3D4E5F60718293A00B1 /* MenuBarViewModel.swift */,
				A1B2C3D4E5F60718293A00B2 /* MenuBarSection.swift */,
				A1B2C3D4E5F60718293A00B3 /* RulesWindowPlaceholderView.swift */,
			);
			path = MenuBar;
			sourceTree = "<group>";
		};
		A1B2C3D4E5F60718293A00C2 /* Application */ = {
			isa = PBXGroup;
			children = (
				A1B2C3D4E5F60718293A00C3 /* GlobalText */,
				A1B2C3D4E5F60718293A00F0 /* Startup */,
				A1B2C3D4E5F60718293A00F1 /* Settings */,
				A1B2C3D4E5F60718293A00F2 /* Localization */,
			);
			path = Application;
			sourceTree = "<group>";
		};
		A1B2C3D4E5F60718293A00C3 /* GlobalText */ = {
			isa = PBXGroup;
			children = (
				A1B2C3D4E5F60718293A00B4 /* GlobalTextStateService.swift */,
				A1B2C3D4E5F60718293A00B5 /* GlobalTextSwitchReport.swift */,
				A1B2C3D4E5F60718293A00B6 /* GlobalTextSwitchCoordinator.swift */,
			);
			path = GlobalText;
			sourceTree = "<group>";
		};
		A1B2C3D4E5F60718293A00F0 /* Startup */ = {
			isa = PBXGroup;
			children = (
				A1B2C3D4E5F60718293A00E0 /* LaunchAtLoginService.swift */,
				A1B2C3D4E5F60718293A00E1 /* GeneralSettingsViewModel.swift */,
			);
			path = Startup;
			sourceTree = "<group>";
		};
		A1B2C3D4E5F60718293A00F1 /* Settings */ = {
			isa = PBXGroup;
			children = (
				A1B2C3D4E5F60718293A00E2 /* RecommendedMenuAppsStore.swift */,
			);
			path = Settings;
			sourceTree = "<group>";
		};
		A1B2C3D4E5F60718293A00F2 /* Localization */ = {
			isa = PBXGroup;
			children = (
				A1B2C3D4E5F60718293A00E3 /* AppLanguage.swift */,
				A1B2C3D4E5F60718293A00E4 /* AppLanguageStore.swift */,
			);
			path = Localization;
			sourceTree = "<group>";
		};
		A1B2C3D4E5F60718293A00F3 /* Settings */ = {
			isa = PBXGroup;
			children = (
				A1B2C3D4E5F60718293A00ED /* SettingsCopyFormatter.swift */,
				A1B2C3D4E5F60718293A00E5 /* SettingsWindowView.swift */,
				A1B2C3D4E5F60718293A00E6 /* GeneralSettingsSection.swift */,
				A1B2C3D4E5F60718293A00E7 /* RecommendedAppsSettingsSection.swift */,
				A1B2C3D4E5F60718293A00E8 /* LanguageSettingsSection.swift */,
			);
			path = Settings;
			sourceTree = "<group>";
		};
		A1B2C3D4E5F60718293A00F4 /* Resources */ = {
			isa = PBXGroup;
			children = (
				A1B2C3D4E5F60718293A00E9 /* Localizable.xcstrings */,
			);
			path = Resources;
			sourceTree = "<group>";
		};
		A1B2C3D4E5F60718293A0034 /* Tests */ = {
			isa = PBXGroup;
			children = (
				A1B2C3D4E5F60718293A0035 /* DefaultEditorSwitcherTests */,
			);
			path = Tests;
			sourceTree = "<group>";
		};
		A1B2C3D4E5F60718293A0035 /* DefaultEditorSwitcherTests */ = {
			isa = PBXGroup;
			children = (
				A1B2C3D4E5F60718293A0014 /* FileScopeCatalogTests.swift */,
				A1B2C3D4E5F60718293A001A /* EditorRankingPolicyTests.swift */,
				A1B2C3D4E5F60718293A001B /* WorkspaceDiscoveryTests.swift */,
				A1B2C3D4E5F60718293A0022 /* LaunchServicesClientTests.swift */,
				A1B2C3D4E5F60718293A00B7 /* GlobalTextStateServiceTests.swift */,
				A1B2C3D4E5F60718293A00B8 /* GlobalTextSwitchCoordinatorTests.swift */,
				A1B2C3D4E5F60718293A00B9 /* MenuBarViewModelTests.swift */,
				A1B2C3D4E5F60718293A00EA /* LaunchAtLoginServiceTests.swift */,
				A1B2C3D4E5F60718293A00EB /* RecommendedMenuAppsStoreTests.swift */,
				A1B2C3D4E5F60718293A00EC /* AppLanguageStoreTests.swift */,
				A1B2C3D4E5F60718293A00EE /* SettingsCopyFormatterTests.swift */,
			);
			path = DefaultEditorSwitcherTests;
			sourceTree = "<group>";
		};
		A1B2C3D4E5F60718293A003C /* Tools */ = {
			isa = PBXGroup;
			children = (
				A1B2C3D4E5F60718293A003D /* AssociationProbe */,
			);
			path = Tools;
			sourceTree = "<group>";
		};
		A1B2C3D4E5F60718293A003D /* AssociationProbe */ = {
			isa = PBXGroup;
			children = (
				A1B2C3D4E5F60718293A0023 /* main.swift */,
			);
			path = AssociationProbe;
			sourceTree = "<group>";
		};
		A1B2C3D4E5F60718293A0036 /* Products */ = {
			isa = PBXGroup;
			children = (
				A1B2C3D4E5F60718293A0020 /* DefaultEditorSwitcher.app */,
				A1B2C3D4E5F60718293A0021 /* DefaultEditorSwitcherTests.xctest */,
				A1B2C3D4E5F60718293A0024 /* AssociationProbe */,
			);
			name = Products;
			sourceTree = "<group>";
		};
/* End PBXGroup section */

/* Begin PBXNativeTarget section */
		A1B2C3D4E5F60718293A0002 /* DefaultEditorSwitcher */ = {
			isa = PBXNativeTarget;
			buildConfigurationList = A1B2C3D4E5F60718293A0071 /* Build configuration list for PBXNativeTarget "DefaultEditorSwitcher" */;
			buildPhases = (
				A1B2C3D4E5F60718293A0080 /* Sources */,
				A1B2C3D4E5F60718293A00FD /* Resources */,
				A1B2C3D4E5F60718293A0082 /* Frameworks */,
			);
			buildRules = (
			);
			dependencies = (
			);
			name = DefaultEditorSwitcher;
			productName = DefaultEditorSwitcher;
			productReference = A1B2C3D4E5F60718293A0020 /* DefaultEditorSwitcher.app */;
			productType = "com.apple.product-type.application";
		};
		A1B2C3D4E5F60718293A0003 /* DefaultEditorSwitcherTests */ = {
			isa = PBXNativeTarget;
			buildConfigurationList = A1B2C3D4E5F60718293A0072 /* Build configuration list for PBXNativeTarget "DefaultEditorSwitcherTests" */;
			buildPhases = (
				A1B2C3D4E5F60718293A0081 /* Sources */,
				A1B2C3D4E5F60718293A0083 /* Frameworks */,
			);
			buildRules = (
			);
			dependencies = (
				A1B2C3D4E5F60718293A0051 /* PBXTargetDependency */,
			);
			name = DefaultEditorSwitcherTests;
			productName = DefaultEditorSwitcherTests;
			productReference = A1B2C3D4E5F60718293A0021 /* DefaultEditorSwitcherTests.xctest */;
			productType = "com.apple.product-type.bundle.unit-test";
		};
		A1B2C3D4E5F60718293A0004 /* AssociationProbe */ = {
			isa = PBXNativeTarget;
			buildConfigurationList = A1B2C3D4E5F60718293A0073 /* Build configuration list for PBXNativeTarget "AssociationProbe" */;
			buildPhases = (
				A1B2C3D4E5F60718293A0084 /* Sources */,
				A1B2C3D4E5F60718293A0085 /* Frameworks */,
			);
			buildRules = (
			);
			dependencies = (
			);
			name = AssociationProbe;
			productName = AssociationProbe;
			productReference = A1B2C3D4E5F60718293A0024 /* AssociationProbe */;
			productType = "com.apple.product-type.tool";
		};
/* End PBXNativeTarget section */

/* Begin PBXProject section */
		A1B2C3D4E5F60718293A0001 /* Project object */ = {
			isa = PBXProject;
			attributes = {
				BuildIndependentTargetsInParallel = 1;
				LastSwiftUpdateCheck = 2600;
				LastUpgradeCheck = 2600;
				ORGANIZATIONNAME = congbo;
				TargetAttributes = {
					A1B2C3D4E5F60718293A0002 = {
						CreatedOnToolsVersion = 26.0;
					};
					A1B2C3D4E5F60718293A0003 = {
						CreatedOnToolsVersion = 26.0;
					};
					A1B2C3D4E5F60718293A0004 = {
						CreatedOnToolsVersion = 26.0;
					};
				};
			};
			buildConfigurationList = A1B2C3D4E5F60718293A0070 /* Build configuration list for PBXProject "DefaultEditorSwitcher" */;
			compatibilityVersion = "Xcode 15.0";
			developmentRegion = en;
			hasScannedForEncodings = 0;
			knownRegions = (
				en,
				zh-Hans,
				Base,
			);
			mainGroup = A1B2C3D4E5F60718293A0030;
			minimizedProjectReferenceProxies = 1;
			preferredProjectObjectVersion = 60;
			productRefGroup = A1B2C3D4E5F60718293A0036 /* Products */;
			projectDirPath = "";
			projectRoot = "";
			targets = (
				A1B2C3D4E5F60718293A0002 /* DefaultEditorSwitcher */,
				A1B2C3D4E5F60718293A0003 /* DefaultEditorSwitcherTests */,
				A1B2C3D4E5F60718293A0004 /* AssociationProbe */,
			);
		};
/* End PBXProject section */

/* Begin PBXShellScriptBuildPhase section */
/* End PBXShellScriptBuildPhase section */

/* Begin PBXSourcesBuildPhase section */
		A1B2C3D4E5F60718293A0080 /* Sources */ = {
			isa = PBXSourcesBuildPhase;
			buildActionMask = 2147483647;
			files = (
				A1B2C3D4E5F60718293A0040 /* DefaultEditorSwitcherApp.swift in Sources */,
				A1B2C3D4E5F60718293A0041 /* FileScope.swift in Sources */,
				A1B2C3D4E5F60718293A0042 /* LanguageBucket.swift in Sources */,
				A1B2C3D4E5F60718293A0043 /* ContentTypeResolver.swift in Sources */,
				A1B2C3D4E5F60718293A0045 /* KnownEditors.swift in Sources */,
				A1B2C3D4E5F60718293A0046 /* EditorCandidate.swift in Sources */,
				A1B2C3D4E5F60718293A0047 /* EditorRankingPolicy.swift in Sources */,
				A1B2C3D4E5F60718293A0048 /* BundleDocumentTypeReader.swift in Sources */,
				A1B2C3D4E5F60718293A0049 /* WorkspaceAppDiscovery.swift in Sources */,
				A1B2C3D4E5F60718293A004C /* PreferredHandler.swift in Sources */,
				A1B2C3D4E5F60718293A004D /* AssociationVerificationResult.swift in Sources */,
				A1B2C3D4E5F60718293A004E /* LaunchServicesClient.swift in Sources */,
				A1B2C3D4E5F60718293A004F /* LaunchServicesAssociationVerifier.swift in Sources */,
				A1B2C3D4E5F60718293A00A4 /* GlobalTextStateService.swift in Sources */,
				A1B2C3D4E5F60718293A00A5 /* GlobalTextSwitchReport.swift in Sources */,
				A1B2C3D4E5F60718293A00A6 /* GlobalTextSwitchCoordinator.swift in Sources */,
				A1B2C3D4E5F60718293A00A2 /* MenuBarSection.swift in Sources */,
				A1B2C3D4E5F60718293A00A1 /* MenuBarViewModel.swift in Sources */,
				A1B2C3D4E5F60718293A00A0 /* MenuBarContentView.swift in Sources */,
				A1B2C3D4E5F60718293A00A3 /* RulesWindowPlaceholderView.swift in Sources */,
				A1B2C3D4E5F60718293A00D0 /* LaunchAtLoginService.swift in Sources */,
				A1B2C3D4E5F60718293A00D1 /* GeneralSettingsViewModel.swift in Sources */,
				A1B2C3D4E5F60718293A00D2 /* RecommendedMenuAppsStore.swift in Sources */,
				A1B2C3D4E5F60718293A00D3 /* AppLanguage.swift in Sources */,
				A1B2C3D4E5F60718293A00D4 /* AppLanguageStore.swift in Sources */,
				A1B2C3D4E5F60718293A00DD /* SettingsCopyFormatter.swift in Sources */,
				A1B2C3D4E5F60718293A00D5 /* SettingsWindowView.swift in Sources */,
				A1B2C3D4E5F60718293A00D6 /* GeneralSettingsSection.swift in Sources */,
				A1B2C3D4E5F60718293A00D7 /* RecommendedAppsSettingsSection.swift in Sources */,
				A1B2C3D4E5F60718293A00D8 /* LanguageSettingsSection.swift in Sources */,
			);
			runOnlyForDeploymentPostprocessing = 0;
		};
		A1B2C3D4E5F60718293A0081 /* Sources */ = {
			isa = PBXSourcesBuildPhase;
			buildActionMask = 2147483647;
			files = (
				A1B2C3D4E5F60718293A0044 /* FileScopeCatalogTests.swift in Sources */,
				A1B2C3D4E5F60718293A004A /* EditorRankingPolicyTests.swift in Sources */,
				A1B2C3D4E5F60718293A004B /* WorkspaceDiscoveryTests.swift in Sources */,
				A1B2C3D4E5F60718293A0052 /* LaunchServicesClientTests.swift in Sources */,
				A1B2C3D4E5F60718293A00A7 /* GlobalTextStateServiceTests.swift in Sources */,
				A1B2C3D4E5F60718293A00A8 /* GlobalTextSwitchCoordinatorTests.swift in Sources */,
				A1B2C3D4E5F60718293A00A9 /* MenuBarViewModelTests.swift in Sources */,
				A1B2C3D4E5F60718293A00DA /* LaunchAtLoginServiceTests.swift in Sources */,
				A1B2C3D4E5F60718293A00DB /* RecommendedMenuAppsStoreTests.swift in Sources */,
				A1B2C3D4E5F60718293A00DC /* AppLanguageStoreTests.swift in Sources */,
				A1B2C3D4E5F60718293A00DE /* SettingsCopyFormatterTests.swift in Sources */,
			);
			runOnlyForDeploymentPostprocessing = 0;
		};
		A1B2C3D4E5F60718293A0084 /* Sources */ = {
			isa = PBXSourcesBuildPhase;
			buildActionMask = 2147483647;
			files = (
				A1B2C3D4E5F60718293A0053 /* PreferredHandler.swift in Sources */,
				A1B2C3D4E5F60718293A0054 /* AssociationVerificationResult.swift in Sources */,
				A1B2C3D4E5F60718293A0055 /* LaunchServicesClient.swift in Sources */,
				A1B2C3D4E5F60718293A0056 /* LaunchServicesAssociationVerifier.swift in Sources */,
				A1B2C3D4E5F60718293A0057 /* main.swift in Sources */,
			);
			runOnlyForDeploymentPostprocessing = 0;
		};
/* End PBXSourcesBuildPhase section */

/* Begin PBXResourcesBuildPhase section */
		A1B2C3D4E5F60718293A00FD /* Resources */ = {
			isa = PBXResourcesBuildPhase;
			buildActionMask = 2147483647;
			files = (
				A1B2C3D4E5F60718293A00D9 /* Localizable.xcstrings in Resources */,
			);
			runOnlyForDeploymentPostprocessing = 0;
		};
/* End PBXResourcesBuildPhase section */

/* Begin PBXFrameworksBuildPhase section */
		A1B2C3D4E5F60718293A0082 /* Frameworks */ = {
			isa = PBXFrameworksBuildPhase;
			buildActionMask = 2147483647;
			files = (
			);
			runOnlyForDeploymentPostprocessing = 0;
		};
		A1B2C3D4E5F60718293A0083 /* Frameworks */ = {
			isa = PBXFrameworksBuildPhase;
			buildActionMask = 2147483647;
			files = (
			);
			runOnlyForDeploymentPostprocessing = 0;
		};
		A1B2C3D4E5F60718293A0085 /* Frameworks */ = {
			isa = PBXFrameworksBuildPhase;
			buildActionMask = 2147483647;
			files = (
			);
			runOnlyForDeploymentPostprocessing = 0;
		};
/* End PBXFrameworksBuildPhase section */

/* Begin PBXTargetDependency section */
		A1B2C3D4E5F60718293A0051 /* PBXTargetDependency */ = {
			isa = PBXTargetDependency;
			target = A1B2C3D4E5F60718293A0002 /* DefaultEditorSwitcher */;
			targetProxy = A1B2C3D4E5F60718293A0050 /* PBXContainerItemProxy */;
		};
/* End PBXTargetDependency section */

/* Begin XCBuildConfiguration section */
		A1B2C3D4E5F60718293A0060 /* Debug */ = {
			isa = XCBuildConfiguration;
			buildSettings = {
				PRODUCT_NAME = DefaultEditorSwitcher;
			};
			name = Debug;
		};
		A1B2C3D4E5F60718293A0061 /* Release */ = {
			isa = XCBuildConfiguration;
			buildSettings = {
				PRODUCT_NAME = DefaultEditorSwitcher;
			};
			name = Release;
		};
		A1B2C3D4E5F60718293A0062 /* Debug */ = {
			isa = XCBuildConfiguration;
			buildSettings = {
				ALWAYS_SEARCH_USER_PATHS = NO;
				CODE_SIGNING_ALLOWED = NO;
				CODE_SIGNING_REQUIRED = NO;
				CODE_SIGN_STYLE = Manual;
				COPY_PHASE_STRIP = NO;
				CURRENT_PROJECT_VERSION = 1;
				DEVELOPMENT_TEAM = "";
				DEFINES_MODULE = YES;
				ENABLE_TESTABILITY = YES;
				GCC_OPTIMIZATION_LEVEL = 0;
				GENERATE_INFOPLIST_FILE = YES;
				INFOPLIST_KEY_CFBundleDisplayName = DefaultEditorSwitcher;
				INFOPLIST_KEY_LSUIElement = YES;
				LD_RUNPATH_SEARCH_PATHS = (
					"$(inherited)",
					"@executable_path/../Frameworks",
				);
				MACOSX_DEPLOYMENT_TARGET = 14.0;
				MARKETING_VERSION = 1.0;
				PRODUCT_BUNDLE_IDENTIFIER = io.github.congbo.DefaultEditorSwitcher;
				PRODUCT_NAME = "$(TARGET_NAME)";
				SDKROOT = macosx;
				SWIFT_OPTIMIZATION_LEVEL = "-Onone";
				SWIFT_EMIT_LOC_STRINGS = YES;
				SWIFT_VERSION = 6.0;
			};
			name = Debug;
		};
		A1B2C3D4E5F60718293A0063 /* Release */ = {
			isa = XCBuildConfiguration;
			buildSettings = {
				ALWAYS_SEARCH_USER_PATHS = NO;
				CODE_SIGNING_ALLOWED = NO;
				CODE_SIGNING_REQUIRED = NO;
				CODE_SIGN_STYLE = Manual;
				CURRENT_PROJECT_VERSION = 1;
				DEVELOPMENT_TEAM = "";
				DEFINES_MODULE = YES;
				GENERATE_INFOPLIST_FILE = YES;
				INFOPLIST_KEY_CFBundleDisplayName = DefaultEditorSwitcher;
				INFOPLIST_KEY_LSUIElement = YES;
				LD_RUNPATH_SEARCH_PATHS = (
					"$(inherited)",
					"@executable_path/../Frameworks",
				);
				MACOSX_DEPLOYMENT_TARGET = 14.0;
				MARKETING_VERSION = 1.0;
				PRODUCT_BUNDLE_IDENTIFIER = io.github.congbo.DefaultEditorSwitcher;
				PRODUCT_NAME = "$(TARGET_NAME)";
				SDKROOT = macosx;
				SWIFT_EMIT_LOC_STRINGS = YES;
				SWIFT_VERSION = 6.0;
			};
			name = Release;
		};
		A1B2C3D4E5F60718293A0064 /* Debug */ = {
			isa = XCBuildConfiguration;
			buildSettings = {
				ALWAYS_SEARCH_USER_PATHS = NO;
				BUNDLE_LOADER = "$(TEST_HOST)";
				CODE_SIGNING_ALLOWED = NO;
				CODE_SIGNING_REQUIRED = NO;
				CODE_SIGN_STYLE = Manual;
				COPY_PHASE_STRIP = NO;
				CURRENT_PROJECT_VERSION = 1;
				DEVELOPMENT_TEAM = "";
				ENABLE_TESTABILITY = YES;
				GCC_OPTIMIZATION_LEVEL = 0;
				GENERATE_INFOPLIST_FILE = YES;
				INFOPLIST_KEY_CFBundleDisplayName = DefaultEditorSwitcherTests;
				LD_RUNPATH_SEARCH_PATHS = (
					"$(inherited)",
					"@executable_path/../Frameworks",
					"@loader_path/Frameworks",
				);
				MACOSX_DEPLOYMENT_TARGET = 14.0;
				MARKETING_VERSION = 1.0;
				PRODUCT_BUNDLE_IDENTIFIER = io.github.congbo.DefaultEditorSwitcherTests;
				PRODUCT_NAME = "$(TARGET_NAME)";
				SDKROOT = macosx;
				SWIFT_OPTIMIZATION_LEVEL = "-Onone";
				SWIFT_EMIT_LOC_STRINGS = YES;
				SWIFT_VERSION = 6.0;
				TEST_HOST = "$(BUILT_PRODUCTS_DIR)/DefaultEditorSwitcher.app/Contents/MacOS/DefaultEditorSwitcher";
			};
			name = Debug;
		};
		A1B2C3D4E5F60718293A0065 /* Release */ = {
			isa = XCBuildConfiguration;
			buildSettings = {
				ALWAYS_SEARCH_USER_PATHS = NO;
				BUNDLE_LOADER = "$(TEST_HOST)";
				CODE_SIGNING_ALLOWED = NO;
				CODE_SIGNING_REQUIRED = NO;
				CODE_SIGN_STYLE = Manual;
				CURRENT_PROJECT_VERSION = 1;
				DEVELOPMENT_TEAM = "";
				GENERATE_INFOPLIST_FILE = YES;
				INFOPLIST_KEY_CFBundleDisplayName = DefaultEditorSwitcherTests;
				LD_RUNPATH_SEARCH_PATHS = (
					"$(inherited)",
					"@executable_path/../Frameworks",
					"@loader_path/Frameworks",
				);
				MACOSX_DEPLOYMENT_TARGET = 14.0;
				MARKETING_VERSION = 1.0;
				PRODUCT_BUNDLE_IDENTIFIER = io.github.congbo.DefaultEditorSwitcherTests;
				PRODUCT_NAME = "$(TARGET_NAME)";
				SDKROOT = macosx;
				SWIFT_EMIT_LOC_STRINGS = YES;
				SWIFT_VERSION = 6.0;
				TEST_HOST = "$(BUILT_PRODUCTS_DIR)/DefaultEditorSwitcher.app/Contents/MacOS/DefaultEditorSwitcher";
			};
			name = Release;
		};
		A1B2C3D4E5F60718293A0066 /* Debug */ = {
			isa = XCBuildConfiguration;
			buildSettings = {
				ALWAYS_SEARCH_USER_PATHS = NO;
				CODE_SIGNING_ALLOWED = NO;
				CODE_SIGNING_REQUIRED = NO;
				CODE_SIGN_STYLE = Manual;
				COPY_PHASE_STRIP = NO;
				CURRENT_PROJECT_VERSION = 1;
				DEVELOPMENT_TEAM = "";
				ENABLE_TESTABILITY = YES;
				GCC_OPTIMIZATION_LEVEL = 0;
				GENERATE_INFOPLIST_FILE = YES;
				INFOPLIST_KEY_CFBundleDisplayName = AssociationProbe;
				LD_RUNPATH_SEARCH_PATHS = (
					"$(inherited)",
					"@executable_path/../Frameworks",
				);
				MACOSX_DEPLOYMENT_TARGET = 14.0;
				MARKETING_VERSION = 1.0;
				PRODUCT_BUNDLE_IDENTIFIER = io.github.congbo.AssociationProbe;
				PRODUCT_NAME = "$(TARGET_NAME)";
				SDKROOT = macosx;
				SWIFT_OPTIMIZATION_LEVEL = "-Onone";
				SWIFT_EMIT_LOC_STRINGS = YES;
				SWIFT_VERSION = 6.0;
			};
			name = Debug;
		};
		A1B2C3D4E5F60718293A0067 /* Release */ = {
			isa = XCBuildConfiguration;
			buildSettings = {
				ALWAYS_SEARCH_USER_PATHS = NO;
				CODE_SIGNING_ALLOWED = NO;
				CODE_SIGNING_REQUIRED = NO;
				CODE_SIGN_STYLE = Manual;
				CURRENT_PROJECT_VERSION = 1;
				DEVELOPMENT_TEAM = "";
				GENERATE_INFOPLIST_FILE = YES;
				INFOPLIST_KEY_CFBundleDisplayName = AssociationProbe;
				LD_RUNPATH_SEARCH_PATHS = (
					"$(inherited)",
					"@executable_path/../Frameworks",
				);
				MACOSX_DEPLOYMENT_TARGET = 14.0;
				MARKETING_VERSION = 1.0;
				PRODUCT_BUNDLE_IDENTIFIER = io.github.congbo.AssociationProbe;
				PRODUCT_NAME = "$(TARGET_NAME)";
				SDKROOT = macosx;
				SWIFT_EMIT_LOC_STRINGS = YES;
				SWIFT_VERSION = 6.0;
			};
			name = Release;
		};
/* End XCBuildConfiguration section */

/* Begin XCConfigurationList section */
		A1B2C3D4E5F60718293A0070 /* Build configuration list for PBXProject "DefaultEditorSwitcher" */ = {
			isa = XCConfigurationList;
			buildConfigurations = (
				A1B2C3D4E5F60718293A0060 /* Debug */,
				A1B2C3D4E5F60718293A0061 /* Release */,
			);
			defaultConfigurationIsVisible = 0;
			defaultConfigurationName = Release;
		};
		A1B2C3D4E5F60718293A0071 /* Build configuration list for PBXNativeTarget "DefaultEditorSwitcher" */ = {
			isa = XCConfigurationList;
			buildConfigurations = (
				A1B2C3D4E5F60718293A0062 /* Debug */,
				A1B2C3D4E5F60718293A0063 /* Release */,
			);
			defaultConfigurationIsVisible = 0;
			defaultConfigurationName = Release;
		};
		A1B2C3D4E5F60718293A0072 /* Build configuration list for PBXNativeTarget "DefaultEditorSwitcherTests" */ = {
			isa = XCConfigurationList;
			buildConfigurations = (
				A1B2C3D4E5F60718293A0064 /* Debug */,
				A1B2C3D4E5F60718293A0065 /* Release */,
			);
			defaultConfigurationIsVisible = 0;
			defaultConfigurationName = Release;
		};
		A1B2C3D4E5F60718293A0073 /* Build configuration list for PBXNativeTarget "AssociationProbe" */ = {
			isa = XCConfigurationList;
			buildConfigurations = (
				A1B2C3D4E5F60718293A0066 /* Debug */,
				A1B2C3D4E5F60718293A0067 /* Release */,
			);
			defaultConfigurationIsVisible = 0;
			defaultConfigurationName = Release;
		};
/* End XCConfigurationList section */
	};
	rootObject = A1B2C3D4E5F60718293A0001 /* Project object */;
}
